// !$*UTF8*$!
{
	archiveVersion = 1;
	classes = {
	};
	objectVersion = 50;
	objects = {

/* Begin PBXBuildFile section */
		8F0AB82461DEE67898C56C99 /* Pods_Fitness_Tracker.framework in Frameworks */ = {isa = PBXBuildFile; fileRef = 475357710B5E17428D43F869 /* Pods_Fitness_Tracker.framework */; };
		AC71A75F637991F2CE8E3109 /* Pods_Fitness_Tracker_Fitness_TrackerTests.framework in Frameworks */ = {isa = PBXBuildFile; fileRef = 2044219A29A71F2590AD5B3F /* Pods_Fitness_Tracker_Fitness_TrackerTests.framework */; };
		E726B0552125C776005ED12A /* SeparatedExerciseCell.swift in Sources */ = {isa = PBXBuildFile; fileRef = E726B0542125C776005ED12A /* SeparatedExerciseCell.swift */; };
		E726B0572125C798005ED12A /* HomeViewControllerTests.swift in Sources */ = {isa = PBXBuildFile; fileRef = E726B0562125C798005ED12A /* HomeViewControllerTests.swift */; };
		E726B0582125C7BD005ED12A /* HomeViewController.swift in Sources */ = {isa = PBXBuildFile; fileRef = F4158A192122EC8B00DEC513 /* HomeViewController.swift */; };
		E726B0592125C841005ED12A /* WorkoutCreator.swift in Sources */ = {isa = PBXBuildFile; fileRef = E7EC278521259BBD009391EC /* WorkoutCreator.swift */; };
		E726B05A2125C8A0005ED12A /* WorkoutCell.swift in Sources */ = {isa = PBXBuildFile; fileRef = E7EC27872125C2DD009391EC /* WorkoutCell.swift */; };
		E726B05C2125CCEA005ED12A /* ExerciseCell.swift in Sources */ = {isa = PBXBuildFile; fileRef = E726B05B2125CCEA005ED12A /* ExerciseCell.swift */; };
		E7EC277D21246C41009391EC /* AppDelegate.swift in Sources */ = {isa = PBXBuildFile; fileRef = E7EC277B21246BB9009391EC /* AppDelegate.swift */; };
		E7EC277F21246CD2009391EC /* WorkoutsList.swift in Sources */ = {isa = PBXBuildFile; fileRef = E7EC277E21246CD2009391EC /* WorkoutsList.swift */; };
		E7EC278121257B7F009391EC /* WorkoutListTests.swift in Sources */ = {isa = PBXBuildFile; fileRef = E7EC278021257B7F009391EC /* WorkoutListTests.swift */; };
		E7EC278221257C14009391EC /* WorkoutsList.swift in Sources */ = {isa = PBXBuildFile; fileRef = E7EC277E21246CD2009391EC /* WorkoutsList.swift */; };
		E7EC278621259BBD009391EC /* WorkoutCreator.swift in Sources */ = {isa = PBXBuildFile; fileRef = E7EC278521259BBD009391EC /* WorkoutCreator.swift */; };
		E7EC27882125C2DD009391EC /* WorkoutCell.swift in Sources */ = {isa = PBXBuildFile; fileRef = E7EC27872125C2DD009391EC /* WorkoutCell.swift */; };
		F40C94022166809C0032E397 /* Interface.storyboard in Resources */ = {isa = PBXBuildFile; fileRef = F40C94002166809C0032E397 /* Interface.storyboard */; };
		F40C94042166809D0032E397 /* Assets.xcassets in Resources */ = {isa = PBXBuildFile; fileRef = F40C94032166809D0032E397 /* Assets.xcassets */; };
		F40C940B2166809E0032E397 /* Fitness Tracker Watch Extension.appex in Embed App Extensions */ = {isa = PBXBuildFile; fileRef = F40C940A2166809E0032E397 /* Fitness Tracker Watch Extension.appex */; settings = {ATTRIBUTES = (RemoveHeadersOnCopy, ); }; };
		F40C94102166809E0032E397 /* InterfaceController.swift in Sources */ = {isa = PBXBuildFile; fileRef = F40C940F2166809E0032E397 /* InterfaceController.swift */; };
		F40C94122166809E0032E397 /* ExtensionDelegate.swift in Sources */ = {isa = PBXBuildFile; fileRef = F40C94112166809E0032E397 /* ExtensionDelegate.swift */; };
		F40C94142166809E0032E397 /* NotificationController.swift in Sources */ = {isa = PBXBuildFile; fileRef = F40C94132166809E0032E397 /* NotificationController.swift */; };
		F40C94162166809E0032E397 /* Assets.xcassets in Resources */ = {isa = PBXBuildFile; fileRef = F40C94152166809E0032E397 /* Assets.xcassets */; };
		F40C941B2166809E0032E397 /* Fitness Tracker Watch.app in Embed Watch Content */ = {isa = PBXBuildFile; fileRef = F40C93FE2166809C0032E397 /* Fitness Tracker Watch.app */; };
		F4158A1A2122EC8B00DEC513 /* HomeViewController.swift in Sources */ = {isa = PBXBuildFile; fileRef = F4158A192122EC8B00DEC513 /* HomeViewController.swift */; };
		F4211B432163E56A00101992 /* WorkoutSaverTests.swift in Sources */ = {isa = PBXBuildFile; fileRef = F4211B422163E56A00101992 /* WorkoutSaverTests.swift */; };
		F4211B442163E5D800101992 /* WorkoutSaver.swift in Sources */ = {isa = PBXBuildFile; fileRef = F459D04B2135C5700095609F /* WorkoutSaver.swift */; };
		F4235E012126B4ED00E15B09 /* ExerciseCreator.swift in Sources */ = {isa = PBXBuildFile; fileRef = F4235E002126B4ED00E15B09 /* ExerciseCreator.swift */; };
		F4235E032127297200E15B09 /* StartWorkout.swift in Sources */ = {isa = PBXBuildFile; fileRef = F4235E022127297200E15B09 /* StartWorkout.swift */; };
		F4235E042127464C00E15B09 /* StartWorkout.swift in Sources */ = {isa = PBXBuildFile; fileRef = F4235E022127297200E15B09 /* StartWorkout.swift */; };
		F4235E052127466B00E15B09 /* ExerciseCreator.swift in Sources */ = {isa = PBXBuildFile; fileRef = F4235E002126B4ED00E15B09 /* ExerciseCreator.swift */; };
		F4235E062127466B00E15B09 /* ExerciseCell.swift in Sources */ = {isa = PBXBuildFile; fileRef = E726B05B2125CCEA005ED12A /* ExerciseCell.swift */; };
		F4235E072127466B00E15B09 /* SeparatedExerciseCell.swift in Sources */ = {isa = PBXBuildFile; fileRef = E726B0542125C776005ED12A /* SeparatedExerciseCell.swift */; };
		F42976DC21738DB9005A0F1D /* Assets.xcassets in Resources */ = {isa = PBXBuildFile; fileRef = F40C94032166809D0032E397 /* Assets.xcassets */; };
		F42976DD2173BA7E005A0F1D /* Metropolis-Medium.otf in Resources */ = {isa = PBXBuildFile; fileRef = F47C081420ED147B00591C29 /* Metropolis-Medium.otf */; };
		F42976DE2173BA7F005A0F1D /* Metropolis-Medium.otf in Resources */ = {isa = PBXBuildFile; fileRef = F47C081420ED147B00591C29 /* Metropolis-Medium.otf */; };
		F42C5AC220EE3C04006C8248 /* Metropolis-Bold.otf in Resources */ = {isa = PBXBuildFile; fileRef = F42C5AC120EE3C04006C8248 /* Metropolis-Bold.otf */; };
		F42D5131216F301B00CA70EB /* WorkoutRowController.swift in Sources */ = {isa = PBXBuildFile; fileRef = F42D5130216F301B00CA70EB /* WorkoutRowController.swift */; };
		F42D51332170895600CA70EB /* WorkoutController.swift in Sources */ = {isa = PBXBuildFile; fileRef = F42D51322170895600CA70EB /* WorkoutController.swift */; };
		F43238852177AD1700FCC2B4 /* WorkoutHistory.swift in Sources */ = {isa = PBXBuildFile; fileRef = F43238842177AD1700FCC2B4 /* WorkoutHistory.swift */; };
		F43238872177AEFE00FCC2B4 /* WorkoutHistoryCell.swift in Sources */ = {isa = PBXBuildFile; fileRef = F43238862177AEFE00FCC2B4 /* WorkoutHistoryCell.swift */; };
		F4394485212F21D200EAC17F /* body_back.png in Resources */ = {isa = PBXBuildFile; fileRef = F4394483212F21D200EAC17F /* body_back.png */; };
		F4394486212F21D200EAC17F /* body_front.png in Resources */ = {isa = PBXBuildFile; fileRef = F4394484212F21D200EAC17F /* body_front.png */; };
		F439448A212F27A300EAC17F /* chest.png in Resources */ = {isa = PBXBuildFile; fileRef = F4394489212F27A300EAC17F /* chest.png */; };
		F439448C212F2C2B00EAC17F /* abs.png in Resources */ = {isa = PBXBuildFile; fileRef = F439448B212F2C2B00EAC17F /* abs.png */; };
		F439448E212F44AB00EAC17F /* back.png in Resources */ = {isa = PBXBuildFile; fileRef = F439448D212F44AB00EAC17F /* back.png */; };
		F4394490212F460800EAC17F /* shoulder_front.png in Resources */ = {isa = PBXBuildFile; fileRef = F439448F212F460800EAC17F /* shoulder_front.png */; };
		F4394492212F463E00EAC17F /* shoulder_back.png in Resources */ = {isa = PBXBuildFile; fileRef = F4394491212F463E00EAC17F /* shoulder_back.png */; };
		F439449421301DE300EAC17F /* biceps.png in Resources */ = {isa = PBXBuildFile; fileRef = F439449321301DE200EAC17F /* biceps.png */; };
		F439449621301EB000EAC17F /* triceps.png in Resources */ = {isa = PBXBuildFile; fileRef = F439449521301EB000EAC17F /* triceps.png */; };
		F43944982130211B00EAC17F /* legs_front.png in Resources */ = {isa = PBXBuildFile; fileRef = F43944972130211B00EAC17F /* legs_front.png */; };
		F439449A213021DF00EAC17F /* legs_back.png in Resources */ = {isa = PBXBuildFile; fileRef = F4394499213021DF00EAC17F /* legs_back.png */; };
		F459D04C2135C5700095609F /* WorkoutSaver.swift in Sources */ = {isa = PBXBuildFile; fileRef = F459D04B2135C5700095609F /* WorkoutSaver.swift */; };
		F47C07E720EB9E6500591C29 /* Main.storyboard in Resources */ = {isa = PBXBuildFile; fileRef = F47C07E520EB9E6500591C29 /* Main.storyboard */; };
		F47C07E920EB9E6600591C29 /* Assets.xcassets in Resources */ = {isa = PBXBuildFile; fileRef = F47C07E820EB9E6600591C29 /* Assets.xcassets */; };
		F47C07EC20EB9E6600591C29 /* LaunchScreen.storyboard in Resources */ = {isa = PBXBuildFile; fileRef = F47C07EA20EB9E6600591C29 /* LaunchScreen.storyboard */; };
		F47C081520ED147C00591C29 /* Metropolis-Medium.otf in Resources */ = {isa = PBXBuildFile; fileRef = F47C081420ED147B00591C29 /* Metropolis-Medium.otf */; };
		F47C081720ED18C200591C29 /* start_button.png in Resources */ = {isa = PBXBuildFile; fileRef = F47C081620ED18C200591C29 /* start_button.png */; };
		F47C082220ED3AAE00591C29 /* up.png in Resources */ = {isa = PBXBuildFile; fileRef = F47C082020ED3AAE00591C29 /* up.png */; };
		F47C082320ED3AAE00591C29 /* down.png in Resources */ = {isa = PBXBuildFile; fileRef = F47C082120ED3AAE00591C29 /* down.png */; };
		F48039362127611200D08AAE /* ExerciseCreatorTests.swift in Sources */ = {isa = PBXBuildFile; fileRef = F48039352127611200D08AAE /* ExerciseCreatorTests.swift */; };
		F48039382127630800D08AAE /* TestCreateExercise.swift in Sources */ = {isa = PBXBuildFile; fileRef = F48039372127630800D08AAE /* TestCreateExercise.swift */; };
		F4A6D99821B1C21400EA98F0 /* HealthKit.framework in Frameworks */ = {isa = PBXBuildFile; fileRef = F4A6D99721B1C21400EA98F0 /* HealthKit.framework */; };
		F4B1676A21CB9DDC007F2C29 /* JSONManager.swift in Sources */ = {isa = PBXBuildFile; fileRef = F4B1676921CB9DDC007F2C29 /* JSONManager.swift */; };
		F4BA5A7021CE927B0015987D /* GlobalExtensions.swift in Sources */ = {isa = PBXBuildFile; fileRef = F4BA5A6F21CE927B0015987D /* GlobalExtensions.swift */; };
		F4BB356621C2D4060014FC0F /* EditWorkout.swift in Sources */ = {isa = PBXBuildFile; fileRef = F4BB356521C2D4060014FC0F /* EditWorkout.swift */; };
		F4FD1E5321D221B0005E071D /* InfoView.swift in Sources */ = {isa = PBXBuildFile; fileRef = F4FD1E5221D221B0005E071D /* InfoView.swift */; };
/* End PBXBuildFile section */

/* Begin PBXContainerItemProxy section */
		F40C940C2166809E0032E397 /* PBXContainerItemProxy */ = {
			isa = PBXContainerItemProxy;
			containerPortal = F47C07D420EB9E6400591C29 /* Project object */;
			proxyType = 1;
			remoteGlobalIDString = F40C94092166809E0032E397;
			remoteInfo = "Fitness Tracker Watch Extension";
		};
		F40C94192166809E0032E397 /* PBXContainerItemProxy */ = {
			isa = PBXContainerItemProxy;
			containerPortal = F47C07D420EB9E6400591C29 /* Project object */;
			proxyType = 1;
			remoteGlobalIDString = F40C93FD2166809C0032E397;
			remoteInfo = "Fitness Tracker Watch";
		};
		F47C07F520EB9E6600591C29 /* PBXContainerItemProxy */ = {
			isa = PBXContainerItemProxy;
			containerPortal = F47C07D420EB9E6400591C29 /* Project object */;
			proxyType = 1;
			remoteGlobalIDString = F47C07DB20EB9E6400591C29;
			remoteInfo = "Fitness Tracker";
		};
		F47C080020EB9E6600591C29 /* PBXContainerItemProxy */ = {
			isa = PBXContainerItemProxy;
			containerPortal = F47C07D420EB9E6400591C29 /* Project object */;
			proxyType = 1;
			remoteGlobalIDString = F47C07DB20EB9E6400591C29;
			remoteInfo = "Fitness Tracker";
		};
/* End PBXContainerItemProxy section */

/* Begin PBXCopyFilesBuildPhase section */
		F40C94212166809E0032E397 /* Embed App Extensions */ = {
			isa = PBXCopyFilesBuildPhase;
			buildActionMask = 2147483647;
			dstPath = "";
			dstSubfolderSpec = 13;
			files = (
				F40C940B2166809E0032E397 /* Fitness Tracker Watch Extension.appex in Embed App Extensions */,
			);
			name = "Embed App Extensions";
			runOnlyForDeploymentPostprocessing = 0;
		};
		F40C94232166809E0032E397 /* Embed Watch Content */ = {
			isa = PBXCopyFilesBuildPhase;
			buildActionMask = 2147483647;
			dstPath = "$(CONTENTS_FOLDER_PATH)/Watch";
			dstSubfolderSpec = 16;
			files = (
				F40C941B2166809E0032E397 /* Fitness Tracker Watch.app in Embed Watch Content */,
			);
			name = "Embed Watch Content";
			runOnlyForDeploymentPostprocessing = 0;
		};
/* End PBXCopyFilesBuildPhase section */

/* Begin PBXFileReference section */
		026045D8557D19D93A60944B /* Pods-Fitness Tracker-Fitness TrackerTests.release.xcconfig */ = {isa = PBXFileReference; includeInIndex = 1; lastKnownFileType = text.xcconfig; name = "Pods-Fitness Tracker-Fitness TrackerTests.release.xcconfig"; path = "Pods/Target Support Files/Pods-Fitness Tracker-Fitness TrackerTests/Pods-Fitness Tracker-Fitness TrackerTests.release.xcconfig"; sourceTree = "<group>"; };
		04742CCE59C23BD16FBF2535 /* Pods-Fitness Tracker-Fitness TrackerTests.debug.xcconfig */ = {isa = PBXFileReference; includeInIndex = 1; lastKnownFileType = text.xcconfig; name = "Pods-Fitness Tracker-Fitness TrackerTests.debug.xcconfig"; path = "Pods/Target Support Files/Pods-Fitness Tracker-Fitness TrackerTests/Pods-Fitness Tracker-Fitness TrackerTests.debug.xcconfig"; sourceTree = "<group>"; };
		2044219A29A71F2590AD5B3F /* Pods_Fitness_Tracker_Fitness_TrackerTests.framework */ = {isa = PBXFileReference; explicitFileType = wrapper.framework; includeInIndex = 0; path = Pods_Fitness_Tracker_Fitness_TrackerTests.framework; sourceTree = BUILT_PRODUCTS_DIR; };
		475357710B5E17428D43F869 /* Pods_Fitness_Tracker.framework */ = {isa = PBXFileReference; explicitFileType = wrapper.framework; includeInIndex = 0; path = Pods_Fitness_Tracker.framework; sourceTree = BUILT_PRODUCTS_DIR; };
		DDB900ACA487C00E8BFFB386 /* Pods-Fitness Tracker.release.xcconfig */ = {isa = PBXFileReference; includeInIndex = 1; lastKnownFileType = text.xcconfig; name = "Pods-Fitness Tracker.release.xcconfig"; path = "Pods/Target Support Files/Pods-Fitness Tracker/Pods-Fitness Tracker.release.xcconfig"; sourceTree = "<group>"; };
		E726B0542125C776005ED12A /* SeparatedExerciseCell.swift */ = {isa = PBXFileReference; lastKnownFileType = sourcecode.swift; path = SeparatedExerciseCell.swift; sourceTree = "<group>"; };
		E726B0562125C798005ED12A /* HomeViewControllerTests.swift */ = {isa = PBXFileReference; lastKnownFileType = sourcecode.swift; path = HomeViewControllerTests.swift; sourceTree = "<group>"; };
		E726B05B2125CCEA005ED12A /* ExerciseCell.swift */ = {isa = PBXFileReference; lastKnownFileType = sourcecode.swift; path = ExerciseCell.swift; sourceTree = "<group>"; };
		E7EC277B21246BB9009391EC /* AppDelegate.swift */ = {isa = PBXFileReference; fileEncoding = 4; lastKnownFileType = sourcecode.swift; path = AppDelegate.swift; sourceTree = "<group>"; };
		E7EC277E21246CD2009391EC /* WorkoutsList.swift */ = {isa = PBXFileReference; lastKnownFileType = sourcecode.swift; path = WorkoutsList.swift; sourceTree = "<group>"; };
		E7EC278021257B7F009391EC /* WorkoutListTests.swift */ = {isa = PBXFileReference; lastKnownFileType = sourcecode.swift; path = WorkoutListTests.swift; sourceTree = "<group>"; };
		E7EC278521259BBD009391EC /* WorkoutCreator.swift */ = {isa = PBXFileReference; lastKnownFileType = sourcecode.swift; path = WorkoutCreator.swift; sourceTree = "<group>"; };
		E7EC27872125C2DD009391EC /* WorkoutCell.swift */ = {isa = PBXFileReference; lastKnownFileType = sourcecode.swift; path = WorkoutCell.swift; sourceTree = "<group>"; };
		F40C93FE2166809C0032E397 /* Fitness Tracker Watch.app */ = {isa = PBXFileReference; explicitFileType = wrapper.application; includeInIndex = 0; path = "Fitness Tracker Watch.app"; sourceTree = BUILT_PRODUCTS_DIR; };
		F40C94012166809C0032E397 /* Base */ = {isa = PBXFileReference; lastKnownFileType = file.storyboard; name = Base; path = Base.lproj/Interface.storyboard; sourceTree = "<group>"; };
		F40C94032166809D0032E397 /* Assets.xcassets */ = {isa = PBXFileReference; lastKnownFileType = folder.assetcatalog; path = Assets.xcassets; sourceTree = "<group>"; };
		F40C94052166809D0032E397 /* Info.plist */ = {isa = PBXFileReference; lastKnownFileType = text.plist.xml; path = Info.plist; sourceTree = "<group>"; };
		F40C940A2166809E0032E397 /* Fitness Tracker Watch Extension.appex */ = {isa = PBXFileReference; explicitFileType = "wrapper.app-extension"; includeInIndex = 0; path = "Fitness Tracker Watch Extension.appex"; sourceTree = BUILT_PRODUCTS_DIR; };
		F40C940F2166809E0032E397 /* InterfaceController.swift */ = {isa = PBXFileReference; lastKnownFileType = sourcecode.swift; path = InterfaceController.swift; sourceTree = "<group>"; };
		F40C94112166809E0032E397 /* ExtensionDelegate.swift */ = {isa = PBXFileReference; lastKnownFileType = sourcecode.swift; path = ExtensionDelegate.swift; sourceTree = "<group>"; };
		F40C94132166809E0032E397 /* NotificationController.swift */ = {isa = PBXFileReference; lastKnownFileType = sourcecode.swift; path = NotificationController.swift; sourceTree = "<group>"; };
		F40C94152166809E0032E397 /* Assets.xcassets */ = {isa = PBXFileReference; lastKnownFileType = folder.assetcatalog; path = Assets.xcassets; sourceTree = "<group>"; };
		F40C94172166809E0032E397 /* Info.plist */ = {isa = PBXFileReference; lastKnownFileType = text.plist.xml; path = Info.plist; sourceTree = "<group>"; };
		F40C94182166809E0032E397 /* PushNotificationPayload.apns */ = {isa = PBXFileReference; lastKnownFileType = text; path = PushNotificationPayload.apns; sourceTree = "<group>"; };
		F4158A192122EC8B00DEC513 /* HomeViewController.swift */ = {isa = PBXFileReference; lastKnownFileType = sourcecode.swift; path = HomeViewController.swift; sourceTree = "<group>"; };
		F4211B422163E56A00101992 /* WorkoutSaverTests.swift */ = {isa = PBXFileReference; lastKnownFileType = sourcecode.swift; path = WorkoutSaverTests.swift; sourceTree = "<group>"; };
		F4235E002126B4ED00E15B09 /* ExerciseCreator.swift */ = {isa = PBXFileReference; lastKnownFileType = sourcecode.swift; path = ExerciseCreator.swift; sourceTree = "<group>"; };
		F4235E022127297200E15B09 /* StartWorkout.swift */ = {isa = PBXFileReference; lastKnownFileType = sourcecode.swift; path = StartWorkout.swift; sourceTree = "<group>"; };
		F42C5AC120EE3C04006C8248 /* Metropolis-Bold.otf */ = {isa = PBXFileReference; lastKnownFileType = file; path = "Metropolis-Bold.otf"; sourceTree = "<group>"; };
		F42D5130216F301B00CA70EB /* WorkoutRowController.swift */ = {isa = PBXFileReference; lastKnownFileType = sourcecode.swift; path = WorkoutRowController.swift; sourceTree = "<group>"; };
		F42D51322170895600CA70EB /* WorkoutController.swift */ = {isa = PBXFileReference; lastKnownFileType = sourcecode.swift; path = WorkoutController.swift; sourceTree = "<group>"; };
		F43238842177AD1700FCC2B4 /* WorkoutHistory.swift */ = {isa = PBXFileReference; lastKnownFileType = sourcecode.swift; path = WorkoutHistory.swift; sourceTree = "<group>"; };
		F43238862177AEFE00FCC2B4 /* WorkoutHistoryCell.swift */ = {isa = PBXFileReference; lastKnownFileType = sourcecode.swift; path = WorkoutHistoryCell.swift; sourceTree = "<group>"; };
		F4394483212F21D200EAC17F /* body_back.png */ = {isa = PBXFileReference; lastKnownFileType = image.png; path = body_back.png; sourceTree = "<group>"; };
		F4394484212F21D200EAC17F /* body_front.png */ = {isa = PBXFileReference; lastKnownFileType = image.png; path = body_front.png; sourceTree = "<group>"; };
		F4394489212F27A300EAC17F /* chest.png */ = {isa = PBXFileReference; lastKnownFileType = image.png; path = chest.png; sourceTree = "<group>"; };
		F439448B212F2C2B00EAC17F /* abs.png */ = {isa = PBXFileReference; lastKnownFileType = image.png; path = abs.png; sourceTree = "<group>"; };
		F439448D212F44AB00EAC17F /* back.png */ = {isa = PBXFileReference; lastKnownFileType = image.png; path = back.png; sourceTree = "<group>"; };
		F439448F212F460800EAC17F /* shoulder_front.png */ = {isa = PBXFileReference; lastKnownFileType = image.png; path = shoulder_front.png; sourceTree = "<group>"; };
		F4394491212F463E00EAC17F /* shoulder_back.png */ = {isa = PBXFileReference; lastKnownFileType = image.png; path = shoulder_back.png; sourceTree = "<group>"; };
		F439449321301DE200EAC17F /* biceps.png */ = {isa = PBXFileReference; lastKnownFileType = image.png; path = biceps.png; sourceTree = "<group>"; };
		F439449521301EB000EAC17F /* triceps.png */ = {isa = PBXFileReference; lastKnownFileType = image.png; path = triceps.png; sourceTree = "<group>"; };
		F43944972130211B00EAC17F /* legs_front.png */ = {isa = PBXFileReference; lastKnownFileType = image.png; path = legs_front.png; sourceTree = "<group>"; };
		F4394499213021DF00EAC17F /* legs_back.png */ = {isa = PBXFileReference; lastKnownFileType = image.png; path = legs_back.png; sourceTree = "<group>"; };
		F459D04B2135C5700095609F /* WorkoutSaver.swift */ = {isa = PBXFileReference; lastKnownFileType = sourcecode.swift; path = WorkoutSaver.swift; sourceTree = "<group>"; };
		F47C07DC20EB9E6400591C29 /* Fitness Tracker.app */ = {isa = PBXFileReference; explicitFileType = wrapper.application; includeInIndex = 0; path = "Fitness Tracker.app"; sourceTree = BUILT_PRODUCTS_DIR; };
		F47C07E620EB9E6500591C29 /* Base */ = {isa = PBXFileReference; lastKnownFileType = file.storyboard; name = Base; path = Base.lproj/Main.storyboard; sourceTree = "<group>"; };
		F47C07E820EB9E6600591C29 /* Assets.xcassets */ = {isa = PBXFileReference; lastKnownFileType = folder.assetcatalog; path = Assets.xcassets; sourceTree = "<group>"; };
		F47C07EB20EB9E6600591C29 /* Base */ = {isa = PBXFileReference; lastKnownFileType = file.storyboard; name = Base; path = Base.lproj/LaunchScreen.storyboard; sourceTree = "<group>"; };
		F47C07ED20EB9E6600591C29 /* Info.plist */ = {isa = PBXFileReference; lastKnownFileType = text.plist.xml; path = Info.plist; sourceTree = "<group>"; };
		F47C07F420EB9E6600591C29 /* Fitness TrackerTests.xctest */ = {isa = PBXFileReference; explicitFileType = wrapper.cfbundle; includeInIndex = 0; path = "Fitness TrackerTests.xctest"; sourceTree = BUILT_PRODUCTS_DIR; };
		F47C07FA20EB9E6600591C29 /* Info.plist */ = {isa = PBXFileReference; lastKnownFileType = text.plist.xml; path = Info.plist; sourceTree = "<group>"; };
		F47C07FF20EB9E6600591C29 /* Fitness TrackerUITests.xctest */ = {isa = PBXFileReference; explicitFileType = wrapper.cfbundle; includeInIndex = 0; path = "Fitness TrackerUITests.xctest"; sourceTree = BUILT_PRODUCTS_DIR; };
		F47C080520EB9E6600591C29 /* Info.plist */ = {isa = PBXFileReference; lastKnownFileType = text.plist.xml; path = Info.plist; sourceTree = "<group>"; };
		F47C081420ED147B00591C29 /* Metropolis-Medium.otf */ = {isa = PBXFileReference; lastKnownFileType = file; path = "Metropolis-Medium.otf"; sourceTree = "<group>"; };
		F47C081620ED18C200591C29 /* start_button.png */ = {isa = PBXFileReference; lastKnownFileType = image.png; path = start_button.png; sourceTree = "<group>"; };
		F47C082020ED3AAE00591C29 /* up.png */ = {isa = PBXFileReference; lastKnownFileType = image.png; path = up.png; sourceTree = "<group>"; };
		F47C082120ED3AAE00591C29 /* down.png */ = {isa = PBXFileReference; lastKnownFileType = image.png; path = down.png; sourceTree = "<group>"; };
		F48039352127611200D08AAE /* ExerciseCreatorTests.swift */ = {isa = PBXFileReference; lastKnownFileType = sourcecode.swift; path = ExerciseCreatorTests.swift; sourceTree = "<group>"; };
		F48039372127630800D08AAE /* TestCreateExercise.swift */ = {isa = PBXFileReference; lastKnownFileType = sourcecode.swift; path = TestCreateExercise.swift; sourceTree = "<group>"; };
		F4A6D99721B1C21400EA98F0 /* HealthKit.framework */ = {isa = PBXFileReference; lastKnownFileType = wrapper.framework; name = HealthKit.framework; path = Platforms/WatchOS.platform/Developer/SDKs/WatchOS5.1.sdk/System/Library/Frameworks/HealthKit.framework; sourceTree = DEVELOPER_DIR; };
		F4B1676921CB9DDC007F2C29 /* JSONManager.swift */ = {isa = PBXFileReference; lastKnownFileType = sourcecode.swift; path = JSONManager.swift; sourceTree = "<group>"; };
		F4BA5A6F21CE927B0015987D /* GlobalExtensions.swift */ = {isa = PBXFileReference; lastKnownFileType = sourcecode.swift; path = GlobalExtensions.swift; sourceTree = "<group>"; };
		F4BB356521C2D4060014FC0F /* EditWorkout.swift */ = {isa = PBXFileReference; lastKnownFileType = sourcecode.swift; path = EditWorkout.swift; sourceTree = "<group>"; };
		F4CCF5D7216B4BA40028F653 /* Fitness Tracker Watch.entitlements */ = {isa = PBXFileReference; lastKnownFileType = text.plist.entitlements; path = "Fitness Tracker Watch.entitlements"; sourceTree = "<group>"; };
		F4CCF5D9216B4BCE0028F653 /* Fitness Tracker Watch Extension.entitlements */ = {isa = PBXFileReference; lastKnownFileType = text.plist.entitlements; path = "Fitness Tracker Watch Extension.entitlements"; sourceTree = "<group>"; };
		F4D5930721E7B8D40012D10E /* Fitness Tracker.entitlements */ = {isa = PBXFileReference; lastKnownFileType = text.plist.entitlements; path = "Fitness Tracker.entitlements"; sourceTree = "<group>"; };
		F4FD1E5221D221B0005E071D /* InfoView.swift */ = {isa = PBXFileReference; lastKnownFileType = sourcecode.swift; path = InfoView.swift; sourceTree = "<group>"; };
		FFFA5814F8DA9D3A492996E8 /* Pods-Fitness Tracker.debug.xcconfig */ = {isa = PBXFileReference; includeInIndex = 1; lastKnownFileType = text.xcconfig; name = "Pods-Fitness Tracker.debug.xcconfig"; path = "Pods/Target Support Files/Pods-Fitness Tracker/Pods-Fitness Tracker.debug.xcconfig"; sourceTree = "<group>"; };
/* End PBXFileReference section */

/* Begin PBXFrameworksBuildPhase section */
		F40C94072166809E0032E397 /* Frameworks */ = {
			isa = PBXFrameworksBuildPhase;
			buildActionMask = 2147483647;
			files = (
				F4A6D99821B1C21400EA98F0 /* HealthKit.framework in Frameworks */,
			);
			runOnlyForDeploymentPostprocessing = 0;
		};
		F47C07D920EB9E6400591C29 /* Frameworks */ = {
			isa = PBXFrameworksBuildPhase;
			buildActionMask = 2147483647;
			files = (
				8F0AB82461DEE67898C56C99 /* Pods_Fitness_Tracker.framework in Frameworks */,
			);
			runOnlyForDeploymentPostprocessing = 0;
		};
		F47C07F120EB9E6600591C29 /* Frameworks */ = {
			isa = PBXFrameworksBuildPhase;
			buildActionMask = 2147483647;
			files = (
				AC71A75F637991F2CE8E3109 /* Pods_Fitness_Tracker_Fitness_TrackerTests.framework in Frameworks */,
			);
			runOnlyForDeploymentPostprocessing = 0;
		};
		F47C07FC20EB9E6600591C29 /* Frameworks */ = {
			isa = PBXFrameworksBuildPhase;
			buildActionMask = 2147483647;
			files = (
			);
			runOnlyForDeploymentPostprocessing = 0;
		};
/* End PBXFrameworksBuildPhase section */

/* Begin PBXGroup section */
		02CE6ED3FF3F17550AD8F27C /* Pods */ = {
			isa = PBXGroup;
			children = (
				FFFA5814F8DA9D3A492996E8 /* Pods-Fitness Tracker.debug.xcconfig */,
				DDB900ACA487C00E8BFFB386 /* Pods-Fitness Tracker.release.xcconfig */,
				04742CCE59C23BD16FBF2535 /* Pods-Fitness Tracker-Fitness TrackerTests.debug.xcconfig */,
				026045D8557D19D93A60944B /* Pods-Fitness Tracker-Fitness TrackerTests.release.xcconfig */,
			);
			name = Pods;
			sourceTree = "<group>";
		};
		B442A5C36D56613EDA6B28CF /* Frameworks */ = {
			isa = PBXGroup;
			children = (
				F4A6D99721B1C21400EA98F0 /* HealthKit.framework */,
				475357710B5E17428D43F869 /* Pods_Fitness_Tracker.framework */,
				2044219A29A71F2590AD5B3F /* Pods_Fitness_Tracker_Fitness_TrackerTests.framework */,
			);
			name = Frameworks;
			sourceTree = "<group>";
		};
		F40C93FF2166809C0032E397 /* Fitness Tracker Watch */ = {
			isa = PBXGroup;
			children = (
				F4CCF5D7216B4BA40028F653 /* Fitness Tracker Watch.entitlements */,
				F40C94002166809C0032E397 /* Interface.storyboard */,
				F40C94032166809D0032E397 /* Assets.xcassets */,
				F40C94052166809D0032E397 /* Info.plist */,
			);
			path = "Fitness Tracker Watch";
			sourceTree = "<group>";
		};
		F40C940E2166809E0032E397 /* Fitness Tracker Watch Extension */ = {
			isa = PBXGroup;
			children = (
				F4CCF5D9216B4BCE0028F653 /* Fitness Tracker Watch Extension.entitlements */,
				F40C940F2166809E0032E397 /* InterfaceController.swift */,
				F42D51322170895600CA70EB /* WorkoutController.swift */,
				F40C94112166809E0032E397 /* ExtensionDelegate.swift */,
				F40C94132166809E0032E397 /* NotificationController.swift */,
				F42D5130216F301B00CA70EB /* WorkoutRowController.swift */,
				F40C94152166809E0032E397 /* Assets.xcassets */,
				F40C94172166809E0032E397 /* Info.plist */,
				F40C94182166809E0032E397 /* PushNotificationPayload.apns */,
			);
			path = "Fitness Tracker Watch Extension";
			sourceTree = "<group>";
		};
		F47C07D320EB9E6400591C29 = {
			isa = PBXGroup;
			children = (
				F47C07DE20EB9E6400591C29 /* Fitness Tracker */,
				F47C07F720EB9E6600591C29 /* Fitness TrackerTests */,
				F47C080220EB9E6600591C29 /* Fitness TrackerUITests */,
				F40C93FF2166809C0032E397 /* Fitness Tracker Watch */,
				F40C940E2166809E0032E397 /* Fitness Tracker Watch Extension */,
				F47C07DD20EB9E6400591C29 /* Products */,
				02CE6ED3FF3F17550AD8F27C /* Pods */,
				B442A5C36D56613EDA6B28CF /* Frameworks */,
			);
			sourceTree = "<group>";
		};
		F47C07DD20EB9E6400591C29 /* Products */ = {
			isa = PBXGroup;
			children = (
				F47C07DC20EB9E6400591C29 /* Fitness Tracker.app */,
				F47C07F420EB9E6600591C29 /* Fitness TrackerTests.xctest */,
				F47C07FF20EB9E6600591C29 /* Fitness TrackerUITests.xctest */,
				F40C93FE2166809C0032E397 /* Fitness Tracker Watch.app */,
				F40C940A2166809E0032E397 /* Fitness Tracker Watch Extension.appex */,
			);
			name = Products;
			sourceTree = "<group>";
		};
		F47C07DE20EB9E6400591C29 /* Fitness Tracker */ = {
			isa = PBXGroup;
			children = (
				F4D5930721E7B8D40012D10E /* Fitness Tracker.entitlements */,
				E7EC277B21246BB9009391EC /* AppDelegate.swift */,
				F4158A192122EC8B00DEC513 /* HomeViewController.swift */,
				E7EC277E21246CD2009391EC /* WorkoutsList.swift */,
				F4235E022127297200E15B09 /* StartWorkout.swift */,
				F4BB356521C2D4060014FC0F /* EditWorkout.swift */,
				E7EC278521259BBD009391EC /* WorkoutCreator.swift */,
				F459D04B2135C5700095609F /* WorkoutSaver.swift */,
				F4235E002126B4ED00E15B09 /* ExerciseCreator.swift */,
				F43238842177AD1700FCC2B4 /* WorkoutHistory.swift */,
				F4FD1E5221D221B0005E071D /* InfoView.swift */,
				F4B1676921CB9DDC007F2C29 /* JSONManager.swift */,
				F4BA5A6F21CE927B0015987D /* GlobalExtensions.swift */,
				F47C07E820EB9E6600591C29 /* Assets.xcassets */,
				F47C07ED20EB9E6600591C29 /* Info.plist */,
				F47C081F20ED313B00591C29 /* Helpers */,
				F47C081820ED18C800591C29 /* Files */,
			);
			path = "Fitness Tracker";
			sourceTree = "<group>";
		};
		F47C07F720EB9E6600591C29 /* Fitness TrackerTests */ = {
			isa = PBXGroup;
			children = (
				E726B0562125C798005ED12A /* HomeViewControllerTests.swift */,
				E7EC278021257B7F009391EC /* WorkoutListTests.swift */,
				F48039352127611200D08AAE /* ExerciseCreatorTests.swift */,
				F4211B422163E56A00101992 /* WorkoutSaverTests.swift */,
				F47C07FA20EB9E6600591C29 /* Info.plist */,
			);
			path = "Fitness TrackerTests";
			sourceTree = "<group>";
		};
		F47C080220EB9E6600591C29 /* Fitness TrackerUITests */ = {
			isa = PBXGroup;
			children = (
				F48039372127630800D08AAE /* TestCreateExercise.swift */,
				F47C080520EB9E6600591C29 /* Info.plist */,
			);
			path = "Fitness TrackerUITests";
			sourceTree = "<group>";
		};
		F47C081820ED18C800591C29 /* Files */ = {
			isa = PBXGroup;
			children = (
				F47C07E520EB9E6500591C29 /* Main.storyboard */,
				F47C07EA20EB9E6600591C29 /* LaunchScreen.storyboard */,
				F47C082120ED3AAE00591C29 /* down.png */,
				F47C082020ED3AAE00591C29 /* up.png */,
				F47C081420ED147B00591C29 /* Metropolis-Medium.otf */,
				F42C5AC120EE3C04006C8248 /* Metropolis-Bold.otf */,
				F47C081620ED18C200591C29 /* start_button.png */,
				F4394483212F21D200EAC17F /* body_back.png */,
				F4394484212F21D200EAC17F /* body_front.png */,
				F4394489212F27A300EAC17F /* chest.png */,
				F439448B212F2C2B00EAC17F /* abs.png */,
				F439448D212F44AB00EAC17F /* back.png */,
				F439448F212F460800EAC17F /* shoulder_front.png */,
				F4394491212F463E00EAC17F /* shoulder_back.png */,
				F439449321301DE200EAC17F /* biceps.png */,
				F439449521301EB000EAC17F /* triceps.png */,
				F43944972130211B00EAC17F /* legs_front.png */,
				F4394499213021DF00EAC17F /* legs_back.png */,
			);
			path = Files;
			sourceTree = "<group>";
		};
		F47C081F20ED313B00591C29 /* Helpers */ = {
			isa = PBXGroup;
			children = (
				E726B05B2125CCEA005ED12A /* ExerciseCell.swift */,
				E7EC27872125C2DD009391EC /* WorkoutCell.swift */,
				F43238862177AEFE00FCC2B4 /* WorkoutHistoryCell.swift */,
				E726B0542125C776005ED12A /* SeparatedExerciseCell.swift */,
			);
			path = Helpers;
			sourceTree = "<group>";
		};
/* End PBXGroup section */

/* Begin PBXNativeTarget section */
		F40C93FD2166809C0032E397 /* Fitness Tracker Watch */ = {
			isa = PBXNativeTarget;
			buildConfigurationList = F40C94222166809E0032E397 /* Build configuration list for PBXNativeTarget "Fitness Tracker Watch" */;
			buildPhases = (
				F40C93FC2166809C0032E397 /* Resources */,
				F40C94212166809E0032E397 /* Embed App Extensions */,
			);
			buildRules = (
			);
			dependencies = (
				F40C940D2166809E0032E397 /* PBXTargetDependency */,
			);
			name = "Fitness Tracker Watch";
			productName = "Fitness Tracker Watch";
			productReference = F40C93FE2166809C0032E397 /* Fitness Tracker Watch.app */;
			productType = "com.apple.product-type.application.watchapp2";
		};
		F40C94092166809E0032E397 /* Fitness Tracker Watch Extension */ = {
			isa = PBXNativeTarget;
			buildConfigurationList = F40C94202166809E0032E397 /* Build configuration list for PBXNativeTarget "Fitness Tracker Watch Extension" */;
			buildPhases = (
				F40C94062166809E0032E397 /* Sources */,
				F40C94072166809E0032E397 /* Frameworks */,
				F40C94082166809E0032E397 /* Resources */,
			);
			buildRules = (
			);
			dependencies = (
			);
			name = "Fitness Tracker Watch Extension";
			productName = "Fitness Tracker Watch Extension";
			productReference = F40C940A2166809E0032E397 /* Fitness Tracker Watch Extension.appex */;
			productType = "com.apple.product-type.watchkit2-extension";
		};
		F47C07DB20EB9E6400591C29 /* Fitness Tracker */ = {
			isa = PBXNativeTarget;
			buildConfigurationList = F47C080820EB9E6600591C29 /* Build configuration list for PBXNativeTarget "Fitness Tracker" */;
			buildPhases = (
				BF7686AE895CCB3B1B4D038C /* [CP] Check Pods Manifest.lock */,
				F47C07D820EB9E6400591C29 /* Sources */,
				F47C07D920EB9E6400591C29 /* Frameworks */,
				F47C07DA20EB9E6400591C29 /* Resources */,
				9C3412B6013012EDE1F4F4E4 /* [CP] Embed Pods Frameworks */,
				F40C94232166809E0032E397 /* Embed Watch Content */,
			);
			buildRules = (
			);
			dependencies = (
				F40C941A2166809E0032E397 /* PBXTargetDependency */,
			);
			name = "Fitness Tracker";
			productName = "Fitness Tracker";
			productReference = F47C07DC20EB9E6400591C29 /* Fitness Tracker.app */;
			productType = "com.apple.product-type.application";
		};
		F47C07F320EB9E6600591C29 /* Fitness TrackerTests */ = {
			isa = PBXNativeTarget;
			buildConfigurationList = F47C080B20EB9E6600591C29 /* Build configuration list for PBXNativeTarget "Fitness TrackerTests" */;
			buildPhases = (
				75E555CDDC0AD73532D8DECD /* [CP] Check Pods Manifest.lock */,
				F47C07F020EB9E6600591C29 /* Sources */,
				F47C07F120EB9E6600591C29 /* Frameworks */,
				F47C07F220EB9E6600591C29 /* Resources */,
				132A6692EFE39D8E001E3C97 /* [CP] Embed Pods Frameworks */,
			);
			buildRules = (
			);
			dependencies = (
				F47C07F620EB9E6600591C29 /* PBXTargetDependency */,
			);
			name = "Fitness TrackerTests";
			productName = "Fitness TrackerTests";
			productReference = F47C07F420EB9E6600591C29 /* Fitness TrackerTests.xctest */;
			productType = "com.apple.product-type.bundle.unit-test";
		};
		F47C07FE20EB9E6600591C29 /* Fitness TrackerUITests */ = {
			isa = PBXNativeTarget;
			buildConfigurationList = F47C080E20EB9E6600591C29 /* Build configuration list for PBXNativeTarget "Fitness TrackerUITests" */;
			buildPhases = (
				F47C07FB20EB9E6600591C29 /* Sources */,
				F47C07FC20EB9E6600591C29 /* Frameworks */,
				F47C07FD20EB9E6600591C29 /* Resources */,
			);
			buildRules = (
			);
			dependencies = (
				F47C080120EB9E6600591C29 /* PBXTargetDependency */,
			);
			name = "Fitness TrackerUITests";
			productName = "Fitness TrackerUITests";
			productReference = F47C07FF20EB9E6600591C29 /* Fitness TrackerUITests.xctest */;
			productType = "com.apple.product-type.bundle.ui-testing";
		};
/* End PBXNativeTarget section */

/* Begin PBXProject section */
		F47C07D420EB9E6400591C29 /* Project object */ = {
			isa = PBXProject;
			attributes = {
				LastSwiftUpdateCheck = 1000;
				LastUpgradeCheck = 0940;
				ORGANIZATIONNAME = "Maruf Nebil Ogunc";
				TargetAttributes = {
					F40C93FD2166809C0032E397 = {
						CreatedOnToolsVersion = 10.0;
						SystemCapabilities = {
							com.apple.ApplicationGroups.iOS = {
								enabled = 1;
							};
						};
					};
					F40C94092166809E0032E397 = {
						CreatedOnToolsVersion = 10.0;
						SystemCapabilities = {
							com.apple.ApplicationGroups.iOS = {
								enabled = 1;
							};
							com.apple.HealthKit.watchos = {
								enabled = 1;
							};
						};
					};
					F47C07DB20EB9E6400591C29 = {
						CreatedOnToolsVersion = 9.4.1;
						LastSwiftMigration = 0940;
						SystemCapabilities = {
							com.apple.ApplicationGroups.iOS = {
								enabled = 1;
							};
							com.apple.BackgroundModes = {
								enabled = 1;
							};
							com.apple.HealthKit = {
								enabled = 0;
							};
						};
					};
					F47C07F320EB9E6600591C29 = {
						CreatedOnToolsVersion = 9.4.1;
						LastSwiftMigration = 0940;
						TestTargetID = F47C07DB20EB9E6400591C29;
					};
					F47C07FE20EB9E6600591C29 = {
						CreatedOnToolsVersion = 9.4.1;
						LastSwiftMigration = 0940;
						TestTargetID = F47C07DB20EB9E6400591C29;
					};
				};
			};
			buildConfigurationList = F47C07D720EB9E6400591C29 /* Build configuration list for PBXProject "Fitness Tracker" */;
			compatibilityVersion = "Xcode 9.3";
			developmentRegion = en;
			hasScannedForEncodings = 0;
			knownRegions = (
				en,
				Base,
			);
			mainGroup = F47C07D320EB9E6400591C29;
			productRefGroup = F47C07DD20EB9E6400591C29 /* Products */;
			projectDirPath = "";
			projectRoot = "";
			targets = (
				F47C07DB20EB9E6400591C29 /* Fitness Tracker */,
				F47C07F320EB9E6600591C29 /* Fitness TrackerTests */,
				F47C07FE20EB9E6600591C29 /* Fitness TrackerUITests */,
				F40C93FD2166809C0032E397 /* Fitness Tracker Watch */,
				F40C94092166809E0032E397 /* Fitness Tracker Watch Extension */,
			);
		};
/* End PBXProject section */

/* Begin PBXResourcesBuildPhase section */
		F40C93FC2166809C0032E397 /* Resources */ = {
			isa = PBXResourcesBuildPhase;
			buildActionMask = 2147483647;
			files = (
				F40C94042166809D0032E397 /* Assets.xcassets in Resources */,
				F42976DD2173BA7E005A0F1D /* Metropolis-Medium.otf in Resources */,
				F40C94022166809C0032E397 /* Interface.storyboard in Resources */,
			);
			runOnlyForDeploymentPostprocessing = 0;
		};
		F40C94082166809E0032E397 /* Resources */ = {
			isa = PBXResourcesBuildPhase;
			buildActionMask = 2147483647;
			files = (
				F42976DC21738DB9005A0F1D /* Assets.xcassets in Resources */,
				F42976DE2173BA7F005A0F1D /* Metropolis-Medium.otf in Resources */,
				F40C94162166809E0032E397 /* Assets.xcassets in Resources */,
			);
			runOnlyForDeploymentPostprocessing = 0;
		};
		F47C07DA20EB9E6400591C29 /* Resources */ = {
			isa = PBXResourcesBuildPhase;
			buildActionMask = 2147483647;
			files = (
				F439448C212F2C2B00EAC17F /* abs.png in Resources */,
				F47C082220ED3AAE00591C29 /* up.png in Resources */,
				F47C081720ED18C200591C29 /* start_button.png in Resources */,
				F439449421301DE300EAC17F /* biceps.png in Resources */,
				F439449621301EB000EAC17F /* triceps.png in Resources */,
				F47C082320ED3AAE00591C29 /* down.png in Resources */,
				F47C081520ED147C00591C29 /* Metropolis-Medium.otf in Resources */,
				F439449A213021DF00EAC17F /* legs_back.png in Resources */,
				F4394485212F21D200EAC17F /* body_back.png in Resources */,
				F439448E212F44AB00EAC17F /* back.png in Resources */,
				F47C07EC20EB9E6600591C29 /* LaunchScreen.storyboard in Resources */,
				F43944982130211B00EAC17F /* legs_front.png in Resources */,
				F47C07E920EB9E6600591C29 /* Assets.xcassets in Resources */,
				F42C5AC220EE3C04006C8248 /* Metropolis-Bold.otf in Resources */,
				F47C07E720EB9E6500591C29 /* Main.storyboard in Resources */,
				F439448A212F27A300EAC17F /* chest.png in Resources */,
				F4394492212F463E00EAC17F /* shoulder_back.png in Resources */,
				F4394486212F21D200EAC17F /* body_front.png in Resources */,
				F4394490212F460800EAC17F /* shoulder_front.png in Resources */,
			);
			runOnlyForDeploymentPostprocessing = 0;
		};
		F47C07F220EB9E6600591C29 /* Resources */ = {
			isa = PBXResourcesBuildPhase;
			buildActionMask = 2147483647;
			files = (
			);
			runOnlyForDeploymentPostprocessing = 0;
		};
		F47C07FD20EB9E6600591C29 /* Resources */ = {
			isa = PBXResourcesBuildPhase;
			buildActionMask = 2147483647;
			files = (
			);
			runOnlyForDeploymentPostprocessing = 0;
		};
/* End PBXResourcesBuildPhase section */

/* Begin PBXShellScriptBuildPhase section */
		132A6692EFE39D8E001E3C97 /* [CP] Embed Pods Frameworks */ = {
			isa = PBXShellScriptBuildPhase;
			buildActionMask = 2147483647;
			files = (
			);
			inputPaths = (
				"${SRCROOT}/Pods/Target Support Files/Pods-Fitness Tracker-Fitness TrackerTests/Pods-Fitness Tracker-Fitness TrackerTests-frameworks.sh",
				"${BUILT_PRODUCTS_DIR}/xModalController/xModalController.framework",
				"${BUILT_PRODUCTS_DIR}/xRadioButton/xRadioButton.framework",
			);
			name = "[CP] Embed Pods Frameworks";
			outputPaths = (
				"${TARGET_BUILD_DIR}/${FRAMEWORKS_FOLDER_PATH}/xModalController.framework",
				"${TARGET_BUILD_DIR}/${FRAMEWORKS_FOLDER_PATH}/xRadioButton.framework",
			);
			runOnlyForDeploymentPostprocessing = 0;
			shellPath = /bin/sh;
			shellScript = "\"${SRCROOT}/Pods/Target Support Files/Pods-Fitness Tracker-Fitness TrackerTests/Pods-Fitness Tracker-Fitness TrackerTests-frameworks.sh\"\n";
			showEnvVarsInLog = 0;
		};
		75E555CDDC0AD73532D8DECD /* [CP] Check Pods Manifest.lock */ = {
			isa = PBXShellScriptBuildPhase;
			buildActionMask = 2147483647;
			files = (
			);
			inputPaths = (
				"${PODS_PODFILE_DIR_PATH}/Podfile.lock",
				"${PODS_ROOT}/Manifest.lock",
			);
			name = "[CP] Check Pods Manifest.lock";
			outputPaths = (
				"$(DERIVED_FILE_DIR)/Pods-Fitness Tracker-Fitness TrackerTests-checkManifestLockResult.txt",
			);
			runOnlyForDeploymentPostprocessing = 0;
			shellPath = /bin/sh;
			shellScript = "diff \"${PODS_PODFILE_DIR_PATH}/Podfile.lock\" \"${PODS_ROOT}/Manifest.lock\" > /dev/null\nif [ $? != 0 ] ; then\n    # print error to STDERR\n    echo \"error: The sandbox is not in sync with the Podfile.lock. Run 'pod install' or update your CocoaPods installation.\" >&2\n    exit 1\nfi\n# This output is used by Xcode 'outputs' to avoid re-running this script phase.\necho \"SUCCESS\" > \"${SCRIPT_OUTPUT_FILE_0}\"\n";
			showEnvVarsInLog = 0;
		};
		9C3412B6013012EDE1F4F4E4 /* [CP] Embed Pods Frameworks */ = {
			isa = PBXShellScriptBuildPhase;
			buildActionMask = 2147483647;
			files = (
			);
			inputPaths = (
				"${SRCROOT}/Pods/Target Support Files/Pods-Fitness Tracker/Pods-Fitness Tracker-frameworks.sh",
				"${BUILT_PRODUCTS_DIR}/xModalController/xModalController.framework",
				"${BUILT_PRODUCTS_DIR}/xRadioButton/xRadioButton.framework",
			);
			name = "[CP] Embed Pods Frameworks";
			outputPaths = (
				"${TARGET_BUILD_DIR}/${FRAMEWORKS_FOLDER_PATH}/xModalController.framework",
				"${TARGET_BUILD_DIR}/${FRAMEWORKS_FOLDER_PATH}/xRadioButton.framework",
			);
			runOnlyForDeploymentPostprocessing = 0;
			shellPath = /bin/sh;
			shellScript = "\"${SRCROOT}/Pods/Target Support Files/Pods-Fitness Tracker/Pods-Fitness Tracker-frameworks.sh\"\n";
			showEnvVarsInLog = 0;
		};
		BF7686AE895CCB3B1B4D038C /* [CP] Check Pods Manifest.lock */ = {
			isa = PBXShellScriptBuildPhase;
			buildActionMask = 2147483647;
			files = (
			);
			inputPaths = (
				"${PODS_PODFILE_DIR_PATH}/Podfile.lock",
				"${PODS_ROOT}/Manifest.lock",
			);
			name = "[CP] Check Pods Manifest.lock";
			outputPaths = (
				"$(DERIVED_FILE_DIR)/Pods-Fitness Tracker-checkManifestLockResult.txt",
			);
			runOnlyForDeploymentPostprocessing = 0;
			shellPath = /bin/sh;
			shellScript = "diff \"${PODS_PODFILE_DIR_PATH}/Podfile.lock\" \"${PODS_ROOT}/Manifest.lock\" > /dev/null\nif [ $? != 0 ] ; then\n    # print error to STDERR\n    echo \"error: The sandbox is not in sync with the Podfile.lock. Run 'pod install' or update your CocoaPods installation.\" >&2\n    exit 1\nfi\n# This output is used by Xcode 'outputs' to avoid re-running this script phase.\necho \"SUCCESS\" > \"${SCRIPT_OUTPUT_FILE_0}\"\n";
			showEnvVarsInLog = 0;
		};
/* End PBXShellScriptBuildPhase section */

/* Begin PBXSourcesBuildPhase section */
		F40C94062166809E0032E397 /* Sources */ = {
			isa = PBXSourcesBuildPhase;
			buildActionMask = 2147483647;
			files = (
				F42D5131216F301B00CA70EB /* WorkoutRowController.swift in Sources */,
				F40C94142166809E0032E397 /* NotificationController.swift in Sources */,
				F40C94122166809E0032E397 /* ExtensionDelegate.swift in Sources */,
				F40C94102166809E0032E397 /* InterfaceController.swift in Sources */,
				F42D51332170895600CA70EB /* WorkoutController.swift in Sources */,
			);
			runOnlyForDeploymentPostprocessing = 0;
		};
		F47C07D820EB9E6400591C29 /* Sources */ = {
			isa = PBXSourcesBuildPhase;
			buildActionMask = 2147483647;
			files = (
				F4FD1E5321D221B0005E071D /* InfoView.swift in Sources */,
				E7EC277F21246CD2009391EC /* WorkoutsList.swift in Sources */,
				F4B1676A21CB9DDC007F2C29 /* JSONManager.swift in Sources */,
				E7EC278621259BBD009391EC /* WorkoutCreator.swift in Sources */,
				E726B05C2125CCEA005ED12A /* ExerciseCell.swift in Sources */,
				F459D04C2135C5700095609F /* WorkoutSaver.swift in Sources */,
				F43238872177AEFE00FCC2B4 /* WorkoutHistoryCell.swift in Sources */,
				E7EC27882125C2DD009391EC /* WorkoutCell.swift in Sources */,
				F4BB356621C2D4060014FC0F /* EditWorkout.swift in Sources */,
				F4BA5A7021CE927B0015987D /* GlobalExtensions.swift in Sources */,
				F43238852177AD1700FCC2B4 /* WorkoutHistory.swift in Sources */,
				F4235E032127297200E15B09 /* StartWorkout.swift in Sources */,
				F4158A1A2122EC8B00DEC513 /* HomeViewController.swift in Sources */,
				F4235E012126B4ED00E15B09 /* ExerciseCreator.swift in Sources */,
				E7EC277D21246C41009391EC /* AppDelegate.swift in Sources */,
				E726B0552125C776005ED12A /* SeparatedExerciseCell.swift in Sources */,
			);
			runOnlyForDeploymentPostprocessing = 0;
		};
		F47C07F020EB9E6600591C29 /* Sources */ = {
			isa = PBXSourcesBuildPhase;
			buildActionMask = 2147483647;
			files = (
				E7EC278121257B7F009391EC /* WorkoutListTests.swift in Sources */,
				F4211B432163E56A00101992 /* WorkoutSaverTests.swift in Sources */,
				E726B0572125C798005ED12A /* HomeViewControllerTests.swift in Sources */,
				F48039362127611200D08AAE /* ExerciseCreatorTests.swift in Sources */,
				F4235E062127466B00E15B09 /* ExerciseCell.swift in Sources */,
				E726B05A2125C8A0005ED12A /* WorkoutCell.swift in Sources */,
				F4235E042127464C00E15B09 /* StartWorkout.swift in Sources */,
				F4211B442163E5D800101992 /* WorkoutSaver.swift in Sources */,
				E726B0582125C7BD005ED12A /* HomeViewController.swift in Sources */,
				E7EC278221257C14009391EC /* WorkoutsList.swift in Sources */,
				F4235E072127466B00E15B09 /* SeparatedExerciseCell.swift in Sources */,
				E726B0592125C841005ED12A /* WorkoutCreator.swift in Sources */,
				F4235E052127466B00E15B09 /* ExerciseCreator.swift in Sources */,
			);
			runOnlyForDeploymentPostprocessing = 0;
		};
		F47C07FB20EB9E6600591C29 /* Sources */ = {
			isa = PBXSourcesBuildPhase;
			buildActionMask = 2147483647;
			files = (
				F48039382127630800D08AAE /* TestCreateExercise.swift in Sources */,
			);
			runOnlyForDeploymentPostprocessing = 0;
		};
/* End PBXSourcesBuildPhase section */

/* Begin PBXTargetDependency section */
		F40C940D2166809E0032E397 /* PBXTargetDependency */ = {
			isa = PBXTargetDependency;
			target = F40C94092166809E0032E397 /* Fitness Tracker Watch Extension */;
			targetProxy = F40C940C2166809E0032E397 /* PBXContainerItemProxy */;
		};
		F40C941A2166809E0032E397 /* PBXTargetDependency */ = {
			isa = PBXTargetDependency;
			target = F40C93FD2166809C0032E397 /* Fitness Tracker Watch */;
			targetProxy = F40C94192166809E0032E397 /* PBXContainerItemProxy */;
		};
		F47C07F620EB9E6600591C29 /* PBXTargetDependency */ = {
			isa = PBXTargetDependency;
			target = F47C07DB20EB9E6400591C29 /* Fitness Tracker */;
			targetProxy = F47C07F520EB9E6600591C29 /* PBXContainerItemProxy */;
		};
		F47C080120EB9E6600591C29 /* PBXTargetDependency */ = {
			isa = PBXTargetDependency;
			target = F47C07DB20EB9E6400591C29 /* Fitness Tracker */;
			targetProxy = F47C080020EB9E6600591C29 /* PBXContainerItemProxy */;
		};
/* End PBXTargetDependency section */

/* Begin PBXVariantGroup section */
		F40C94002166809C0032E397 /* Interface.storyboard */ = {
			isa = PBXVariantGroup;
			children = (
				F40C94012166809C0032E397 /* Base */,
			);
			name = Interface.storyboard;
			sourceTree = "<group>";
		};
		F47C07E520EB9E6500591C29 /* Main.storyboard */ = {
			isa = PBXVariantGroup;
			children = (
				F47C07E620EB9E6500591C29 /* Base */,
			);
			name = Main.storyboard;
			sourceTree = "<group>";
		};
		F47C07EA20EB9E6600591C29 /* LaunchScreen.storyboard */ = {
			isa = PBXVariantGroup;
			children = (
				F47C07EB20EB9E6600591C29 /* Base */,
			);
			name = LaunchScreen.storyboard;
			sourceTree = "<group>";
		};
/* End PBXVariantGroup section */

/* Begin XCBuildConfiguration section */
		F40C941C2166809E0032E397 /* Debug */ = {
			isa = XCBuildConfiguration;
			buildSettings = {
				ALWAYS_EMBED_SWIFT_STANDARD_LIBRARIES = YES;
				ASSETCATALOG_COMPILER_APPICON_NAME = AppIcon;
				CODE_SIGN_ENTITLEMENTS = "Fitness Tracker Watch/Fitness Tracker Watch.entitlements";
				CODE_SIGN_IDENTITY = "iPhone Developer";
				CODE_SIGN_STYLE = Automatic;
				DEVELOPMENT_TEAM = DFGPKV3K8S;
				IBSC_MODULE = Fitness_Tracker_Watch_Extension;
				INFOPLIST_FILE = "Fitness Tracker Watch/Info.plist";
				MTL_ENABLE_DEBUG_INFO = INCLUDE_SOURCE;
				MTL_FAST_MATH = YES;
				PRODUCT_BUNDLE_IDENTIFIER = akin.fitness.tracker.watchkitapp;
				PRODUCT_NAME = "$(TARGET_NAME)";
				SDKROOT = watchos;
				SKIP_INSTALL = YES;
				SWIFT_ACTIVE_COMPILATION_CONDITIONS = DEBUG;
				SWIFT_OPTIMIZATION_LEVEL = "-Onone";
				SWIFT_VERSION = 4.2;
				TARGETED_DEVICE_FAMILY = 4;
				WATCHOS_DEPLOYMENT_TARGET = 5.0;
			};
			name = Debug;
		};
		F40C941D2166809E0032E397 /* Release */ = {
			isa = XCBuildConfiguration;
			buildSettings = {
				ALWAYS_EMBED_SWIFT_STANDARD_LIBRARIES = YES;
				ASSETCATALOG_COMPILER_APPICON_NAME = AppIcon;
				CODE_SIGN_ENTITLEMENTS = "Fitness Tracker Watch/Fitness Tracker Watch.entitlements";
				CODE_SIGN_IDENTITY = "iPhone Developer";
				CODE_SIGN_STYLE = Automatic;
				DEVELOPMENT_TEAM = DFGPKV3K8S;
				IBSC_MODULE = Fitness_Tracker_Watch_Extension;
				INFOPLIST_FILE = "Fitness Tracker Watch/Info.plist";
				MTL_FAST_MATH = YES;
				PRODUCT_BUNDLE_IDENTIFIER = akin.fitness.tracker.watchkitapp;
				PRODUCT_NAME = "$(TARGET_NAME)";
				SDKROOT = watchos;
				SKIP_INSTALL = YES;
				SWIFT_COMPILATION_MODE = wholemodule;
				SWIFT_OPTIMIZATION_LEVEL = "-O";
				SWIFT_VERSION = 4.2;
				TARGETED_DEVICE_FAMILY = 4;
				WATCHOS_DEPLOYMENT_TARGET = 5.0;
			};
			name = Release;
		};
		F40C941E2166809E0032E397 /* Debug */ = {
			isa = XCBuildConfiguration;
			buildSettings = {
				ASSETCATALOG_COMPILER_COMPLICATION_NAME = Complication;
				CODE_SIGN_ENTITLEMENTS = "Fitness Tracker Watch Extension/Fitness Tracker Watch Extension.entitlements";
				CODE_SIGN_STYLE = Automatic;
				DEVELOPMENT_TEAM = DFGPKV3K8S;
				INFOPLIST_FILE = "Fitness Tracker Watch Extension/Info.plist";
				LD_RUNPATH_SEARCH_PATHS = (
					"$(inherited)",
					"@executable_path/Frameworks",
					"@executable_path/../../Frameworks",
				);
				MTL_ENABLE_DEBUG_INFO = INCLUDE_SOURCE;
				MTL_FAST_MATH = YES;
				PRODUCT_BUNDLE_IDENTIFIER = akin.fitness.tracker.watchkitapp.watchkitextension;
				PRODUCT_NAME = "${TARGET_NAME}";
				SDKROOT = watchos;
				SKIP_INSTALL = YES;
				SWIFT_ACTIVE_COMPILATION_CONDITIONS = DEBUG;
				SWIFT_OPTIMIZATION_LEVEL = "-Onone";
				SWIFT_VERSION = 4.2;
				TARGETED_DEVICE_FAMILY = 4;
				WATCHOS_DEPLOYMENT_TARGET = 5.0;
			};
			name = Debug;
		};
		F40C941F2166809E0032E397 /* Release */ = {
			isa = XCBuildConfiguration;
			buildSettings = {
				ASSETCATALOG_COMPILER_COMPLICATION_NAME = Complication;
				CODE_SIGN_ENTITLEMENTS = "Fitness Tracker Watch Extension/Fitness Tracker Watch Extension.entitlements";
				CODE_SIGN_STYLE = Automatic;
				DEVELOPMENT_TEAM = DFGPKV3K8S;
				INFOPLIST_FILE = "Fitness Tracker Watch Extension/Info.plist";
				LD_RUNPATH_SEARCH_PATHS = (
					"$(inherited)",
					"@executable_path/Frameworks",
					"@executable_path/../../Frameworks",
				);
				MTL_FAST_MATH = YES;
				PRODUCT_BUNDLE_IDENTIFIER = akin.fitness.tracker.watchkitapp.watchkitextension;
				PRODUCT_NAME = "${TARGET_NAME}";
				SDKROOT = watchos;
				SKIP_INSTALL = YES;
				SWIFT_COMPILATION_MODE = wholemodule;
				SWIFT_OPTIMIZATION_LEVEL = "-O";
				SWIFT_VERSION = 4.2;
				TARGETED_DEVICE_FAMILY = 4;
				WATCHOS_DEPLOYMENT_TARGET = 5.0;
			};
			name = Release;
		};
		F47C080620EB9E6600591C29 /* Debug */ = {
			isa = XCBuildConfiguration;
			buildSettings = {
				ALWAYS_SEARCH_USER_PATHS = NO;
				CLANG_ANALYZER_NONNULL = YES;
				CLANG_ANALYZER_NUMBER_OBJECT_CONVERSION = YES_AGGRESSIVE;
				CLANG_CXX_LANGUAGE_STANDARD = "gnu++14";
				CLANG_CXX_LIBRARY = "libc++";
				CLANG_ENABLE_MODULES = YES;
				CLANG_ENABLE_OBJC_ARC = YES;
				CLANG_ENABLE_OBJC_WEAK = YES;
				CLANG_WARN_BLOCK_CAPTURE_AUTORELEASING = YES;
				CLANG_WARN_BOOL_CONVERSION = YES;
				CLANG_WARN_COMMA = YES;
				CLANG_WARN_CONSTANT_CONVERSION = YES;
				CLANG_WARN_DEPRECATED_OBJC_IMPLEMENTATIONS = YES;
				CLANG_WARN_DIRECT_OBJC_ISA_USAGE = YES_ERROR;
				CLANG_WARN_DOCUMENTATION_COMMENTS = YES;
				CLANG_WARN_EMPTY_BODY = YES;
				CLANG_WARN_ENUM_CONVERSION = YES;
				CLANG_WARN_INFINITE_RECURSION = YES;
				CLANG_WARN_INT_CONVERSION = YES;
				CLANG_WARN_NON_LITERAL_NULL_CONVERSION = YES;
				CLANG_WARN_OBJC_IMPLICIT_RETAIN_SELF = YES;
				CLANG_WARN_OBJC_LITERAL_CONVERSION = YES;
				CLANG_WARN_OBJC_ROOT_CLASS = YES_ERROR;
				CLANG_WARN_RANGE_LOOP_ANALYSIS = YES;
				CLANG_WARN_STRICT_PROTOTYPES = YES;
				CLANG_WARN_SUSPICIOUS_MOVE = YES;
				CLANG_WARN_UNGUARDED_AVAILABILITY = YES_AGGRESSIVE;
				CLANG_WARN_UNREACHABLE_CODE = YES;
				CLANG_WARN__DUPLICATE_METHOD_MATCH = YES;
				CODE_SIGN_IDENTITY = "iPhone Developer";
				COPY_PHASE_STRIP = NO;
				DEBUG_INFORMATION_FORMAT = dwarf;
				ENABLE_STRICT_OBJC_MSGSEND = YES;
				ENABLE_TESTABILITY = YES;
				GCC_C_LANGUAGE_STANDARD = gnu11;
				GCC_DYNAMIC_NO_PIC = NO;
				GCC_NO_COMMON_BLOCKS = YES;
				GCC_OPTIMIZATION_LEVEL = 0;
				GCC_PREPROCESSOR_DEFINITIONS = (
					"DEBUG=1",
					"$(inherited)",
				);
				GCC_WARN_64_TO_32_BIT_CONVERSION = YES;
				GCC_WARN_ABOUT_RETURN_TYPE = YES_ERROR;
				GCC_WARN_UNDECLARED_SELECTOR = YES;
				GCC_WARN_UNINITIALIZED_AUTOS = YES_AGGRESSIVE;
				GCC_WARN_UNUSED_FUNCTION = YES;
				GCC_WARN_UNUSED_VARIABLE = YES;
				IPHONEOS_DEPLOYMENT_TARGET = 11.4;
				MTL_ENABLE_DEBUG_INFO = YES;
				ONLY_ACTIVE_ARCH = YES;
				SDKROOT = iphoneos;
			};
			name = Debug;
		};
		F47C080720EB9E6600591C29 /* Release */ = {
			isa = XCBuildConfiguration;
			buildSettings = {
				ALWAYS_SEARCH_USER_PATHS = NO;
				CLANG_ANALYZER_NONNULL = YES;
				CLANG_ANALYZER_NUMBER_OBJECT_CONVERSION = YES_AGGRESSIVE;
				CLANG_CXX_LANGUAGE_STANDARD = "gnu++14";
				CLANG_CXX_LIBRARY = "libc++";
				CLANG_ENABLE_MODULES = YES;
				CLANG_ENABLE_OBJC_ARC = YES;
				CLANG_ENABLE_OBJC_WEAK = YES;
				CLANG_WARN_BLOCK_CAPTURE_AUTORELEASING = YES;
				CLANG_WARN_BOOL_CONVERSION = YES;
				CLANG_WARN_COMMA = YES;
				CLANG_WARN_CONSTANT_CONVERSION = YES;
				CLANG_WARN_DEPRECATED_OBJC_IMPLEMENTATIONS = YES;
				CLANG_WARN_DIRECT_OBJC_ISA_USAGE = YES_ERROR;
				CLANG_WARN_DOCUMENTATION_COMMENTS = YES;
				CLANG_WARN_EMPTY_BODY = YES;
				CLANG_WARN_ENUM_CONVERSION = YES;
				CLANG_WARN_INFINITE_RECURSION = YES;
				CLANG_WARN_INT_CONVERSION = YES;
				CLANG_WARN_NON_LITERAL_NULL_CONVERSION = YES;
				CLANG_WARN_OBJC_IMPLICIT_RETAIN_SELF = YES;
				CLANG_WARN_OBJC_LITERAL_CONVERSION = YES;
				CLANG_WARN_OBJC_ROOT_CLASS = YES_ERROR;
				CLANG_WARN_RANGE_LOOP_ANALYSIS = YES;
				CLANG_WARN_STRICT_PROTOTYPES = YES;
				CLANG_WARN_SUSPICIOUS_MOVE = YES;
				CLANG_WARN_UNGUARDED_AVAILABILITY = YES_AGGRESSIVE;
				CLANG_WARN_UNREACHABLE_CODE = YES;
				CLANG_WARN__DUPLICATE_METHOD_MATCH = YES;
				CODE_SIGN_IDENTITY = "iPhone Developer";
				COPY_PHASE_STRIP = NO;
				DEBUG_INFORMATION_FORMAT = "dwarf-with-dsym";
				ENABLE_NS_ASSERTIONS = NO;
				ENABLE_STRICT_OBJC_MSGSEND = YES;
				GCC_C_LANGUAGE_STANDARD = gnu11;
				GCC_NO_COMMON_BLOCKS = YES;
				GCC_WARN_64_TO_32_BIT_CONVERSION = YES;
				GCC_WARN_ABOUT_RETURN_TYPE = YES_ERROR;
				GCC_WARN_UNDECLARED_SELECTOR = YES;
				GCC_WARN_UNINITIALIZED_AUTOS = YES_AGGRESSIVE;
				GCC_WARN_UNUSED_FUNCTION = YES;
				GCC_WARN_UNUSED_VARIABLE = YES;
				IPHONEOS_DEPLOYMENT_TARGET = 11.4;
				MTL_ENABLE_DEBUG_INFO = NO;
				SDKROOT = iphoneos;
				VALIDATE_PRODUCT = YES;
			};
			name = Release;
		};
		F47C080920EB9E6600591C29 /* Debug */ = {
			isa = XCBuildConfiguration;
			baseConfigurationReference = FFFA5814F8DA9D3A492996E8 /* Pods-Fitness Tracker.debug.xcconfig */;
			buildSettings = {
				ASSETCATALOG_COMPILER_APPICON_NAME = AppIcon;
				CLANG_ENABLE_MODULES = YES;
				CODE_SIGN_ENTITLEMENTS = "Fitness Tracker/Fitness Tracker.entitlements";
				CODE_SIGN_IDENTITY = "iPhone Developer";
				CODE_SIGN_STYLE = Automatic;
				DEVELOPMENT_TEAM = DFGPKV3K8S;
				INFOPLIST_FILE = "Fitness Tracker/Info.plist";
				IPHONEOS_DEPLOYMENT_TARGET = 10.0;
				LD_RUNPATH_SEARCH_PATHS = (
					"$(inherited)",
					"@executable_path/Frameworks",
				);
				PRODUCT_BUNDLE_IDENTIFIER = akin.fitness.tracker;
				PRODUCT_NAME = "$(TARGET_NAME)";
				PROVISIONING_PROFILE = "";
				PROVISIONING_PROFILE_SPECIFIER = "";
				SWIFT_OBJC_BRIDGING_HEADER = "";
				SWIFT_OPTIMIZATION_LEVEL = "-Onone";
				SWIFT_PRECOMPILE_BRIDGING_HEADER = YES;
				SWIFT_SWIFT3_OBJC_INFERENCE = Default;
				SWIFT_VERSION = 4.2;
				TARGETED_DEVICE_FAMILY = "1,2";
			};
			name = Debug;
		};
		F47C080A20EB9E6600591C29 /* Release */ = {
			isa = XCBuildConfiguration;
			baseConfigurationReference = DDB900ACA487C00E8BFFB386 /* Pods-Fitness Tracker.release.xcconfig */;
			buildSettings = {
				ASSETCATALOG_COMPILER_APPICON_NAME = AppIcon;
				CLANG_ENABLE_MODULES = YES;
				CODE_SIGN_ENTITLEMENTS = "Fitness Tracker/Fitness Tracker.entitlements";
				CODE_SIGN_IDENTITY = "iPhone Developer";
				CODE_SIGN_STYLE = Automatic;
				DEVELOPMENT_TEAM = DFGPKV3K8S;
				INFOPLIST_FILE = "Fitness Tracker/Info.plist";
				IPHONEOS_DEPLOYMENT_TARGET = 10.0;
				LD_RUNPATH_SEARCH_PATHS = (
					"$(inherited)",
					"@executable_path/Frameworks",
				);
				PRODUCT_BUNDLE_IDENTIFIER = akin.fitness.tracker;
				PRODUCT_NAME = "$(TARGET_NAME)";
				PROVISIONING_PROFILE = "";
				PROVISIONING_PROFILE_SPECIFIER = "";
				SWIFT_OBJC_BRIDGING_HEADER = "";
				SWIFT_PRECOMPILE_BRIDGING_HEADER = YES;
				SWIFT_SWIFT3_OBJC_INFERENCE = Default;
				SWIFT_VERSION = 4.2;
				TARGETED_DEVICE_FAMILY = "1,2";
			};
			name = Release;
		};
		F47C080C20EB9E6600591C29 /* Debug */ = {
			isa = XCBuildConfiguration;
			baseConfigurationReference = 04742CCE59C23BD16FBF2535 /* Pods-Fitness Tracker-Fitness TrackerTests.debug.xcconfig */;
			buildSettings = {
				ALWAYS_EMBED_SWIFT_STANDARD_LIBRARIES = YES;
				BUNDLE_LOADER = "$(TEST_HOST)";
				CLANG_ENABLE_MODULES = YES;
				CODE_SIGN_STYLE = Automatic;
				DEVELOPMENT_TEAM = DFGPKV3K8S;
				HEADER_SEARCH_PATHS = "";
				INFOPLIST_FILE = "Fitness TrackerTests/Info.plist";
				LD_RUNPATH_SEARCH_PATHS = (
					"$(inherited)",
					"@executable_path/Frameworks",
					"@loader_path/Frameworks",
				);
				PRODUCT_BUNDLE_IDENTIFIER = "akin.Fitness-TrackerTests";
				PRODUCT_NAME = "$(TARGET_NAME)";
				SWIFT_OPTIMIZATION_LEVEL = "-Onone";
				SWIFT_SWIFT3_OBJC_INFERENCE = On;
				SWIFT_VERSION = 4.0;
				TARGETED_DEVICE_FAMILY = "1,2";
				TEST_HOST = "$(BUILT_PRODUCTS_DIR)/Fitness Tracker.app/Fitness Tracker";
			};
			name = Debug;
		};
		F47C080D20EB9E6600591C29 /* Release */ = {
			isa = XCBuildConfiguration;
			baseConfigurationReference = 026045D8557D19D93A60944B /* Pods-Fitness Tracker-Fitness TrackerTests.release.xcconfig */;
			buildSettings = {
				ALWAYS_EMBED_SWIFT_STANDARD_LIBRARIES = YES;
				BUNDLE_LOADER = "$(TEST_HOST)";
				CLANG_ENABLE_MODULES = YES;
				CODE_SIGN_STYLE = Automatic;
				DEVELOPMENT_TEAM = DFGPKV3K8S;
				HEADER_SEARCH_PATHS = "";
				INFOPLIST_FILE = "Fitness TrackerTests/Info.plist";
				LD_RUNPATH_SEARCH_PATHS = (
					"$(inherited)",
					"@executable_path/Frameworks",
					"@loader_path/Frameworks",
				);
				PRODUCT_BUNDLE_IDENTIFIER = "akin.Fitness-TrackerTests";
				PRODUCT_NAME = "$(TARGET_NAME)";
				SWIFT_SWIFT3_OBJC_INFERENCE = On;
				SWIFT_VERSION = 4.0;
				TARGETED_DEVICE_FAMILY = "1,2";
				TEST_HOST = "$(BUILT_PRODUCTS_DIR)/Fitness Tracker.app/Fitness Tracker";
			};
			name = Release;
		};
		F47C080F20EB9E6600591C29 /* Debug */ = {
			isa = XCBuildConfiguration;
			buildSettings = {
				ALWAYS_EMBED_SWIFT_STANDARD_LIBRARIES = YES;
				CLANG_ENABLE_MODULES = YES;
				CODE_SIGN_STYLE = Automatic;
				DEVELOPMENT_TEAM = DFGPKV3K8S;
				INFOPLIST_FILE = "Fitness TrackerUITests/Info.plist";
				LD_RUNPATH_SEARCH_PATHS = (
					"$(inherited)",
					"@executable_path/Frameworks",
					"@loader_path/Frameworks",
				);
				PRODUCT_BUNDLE_IDENTIFIER = "akin.Fitness-TrackerUITests";
				PRODUCT_NAME = "$(TARGET_NAME)";
				SWIFT_OPTIMIZATION_LEVEL = "-Onone";
				SWIFT_SWIFT3_OBJC_INFERENCE = On;
				SWIFT_VERSION = 4.0;
				TARGETED_DEVICE_FAMILY = "1,2";
				TEST_TARGET_NAME = "Fitness Tracker";
			};
			name = Debug;
		};
		F47C081020EB9E6600591C29 /* Release */ = {
			isa = XCBuildConfiguration;
			buildSettings = {
				ALWAYS_EMBED_SWIFT_STANDARD_LIBRARIES = YES;
				CLANG_ENABLE_MODULES = YES;
				CODE_SIGN_STYLE = Automatic;
				DEVELOPMENT_TEAM = DFGPKV3K8S;
				INFOPLIST_FILE = "Fitness TrackerUITests/Info.plist";
				LD_RUNPATH_SEARCH_PATHS = (
					"$(inherited)",
					"@executable_path/Frameworks",
					"@loader_path/Frameworks",
				);
				PRODUCT_BUNDLE_IDENTIFIER = "akin.Fitness-TrackerUITests";
				PRODUCT_NAME = "$(TARGET_NAME)";
				SWIFT_SWIFT3_OBJC_INFERENCE = On;
				SWIFT_VERSION = 4.0;
				TARGETED_DEVICE_FAMILY = "1,2";
				TEST_TARGET_NAME = "Fitness Tracker";
			};
			name = Release;
		};
/* End XCBuildConfiguration section */

/* Begin XCConfigurationList section */
		F40C94202166809E0032E397 /* Build configuration list for PBXNativeTarget "Fitness Tracker Watch Extension" */ = {
			isa = XCConfigurationList;
			buildConfigurations = (
				F40C941E2166809E0032E397 /* Debug */,
				F40C941F2166809E0032E397 /* Release */,
			);
			defaultConfigurationIsVisible = 0;
			defaultConfigurationName = Release;
		};
		F40C94222166809E0032E397 /* Build configuration list for PBXNativeTarget "Fitness Tracker Watch" */ = {
			isa = XCConfigurationList;
			buildConfigurations = (
				F40C941C2166809E0032E397 /* Debug */,
				F40C941D2166809E0032E397 /* Release */,
			);
			defaultConfigurationIsVisible = 0;
			defaultConfigurationName = Release;
		};
		F47C07D720EB9E6400591C29 /* Build configuration list for PBXProject "Fitness Tracker" */ = {
			isa = XCConfigurationList;
			buildConfigurations = (
				F47C080620EB9E6600591C29 /* Debug */,
				F47C080720EB9E6600591C29 /* Release */,
			);
			defaultConfigurationIsVisible = 0;
			defaultConfigurationName = Release;
		};
		F47C080820EB9E6600591C29 /* Build configuration list for PBXNativeTarget "Fitness Tracker" */ = {
			isa = XCConfigurationList;
			buildConfigurations = (
				F47C080920EB9E6600591C29 /* Debug */,
				F47C080A20EB9E6600591C29 /* Release */,
			);
			defaultConfigurationIsVisible = 0;
			defaultConfigurationName = Release;
		};
		F47C080B20EB9E6600591C29 /* Build configuration list for PBXNativeTarget "Fitness TrackerTests" */ = {
			isa = XCConfigurationList;
			buildConfigurations = (
				F47C080C20EB9E6600591C29 /* Debug */,
				F47C080D20EB9E6600591C29 /* Release */,
			);
			defaultConfigurationIsVisible = 0;
			defaultConfigurationName = Release;
		};
		F47C080E20EB9E6600591C29 /* Build configuration list for PBXNativeTarget "Fitness TrackerUITests" */ = {
			isa = XCConfigurationList;
			buildConfigurations = (
				F47C080F20EB9E6600591C29 /* Debug */,
				F47C081020EB9E6600591C29 /* Release */,
			);
			defaultConfigurationIsVisible = 0;
			defaultConfigurationName = Release;
		};
/* End XCConfigurationList section */
	};
	rootObject = F47C07D420EB9E6400591C29 /* Project object */;
}
